
Microsoft Visual Studio Solution File, Format Version 12.00
# Visual Studio Version 17
VisualStudioVersion = 17.11.35327.3
MinimumVisualStudioVersion = 10.0.40219.1
Project("{FAE04EC0-301F-11D3-BF4B-00C04F79EFBC}") = "Car_Rent", "Car_Rent.csproj", "{09861B00-E27D-4AE3-A8FE-B6C645AA3091}"
EndProject
Global
	GlobalSection(SolutionConfigurationPlatforms) = preSolution
		Debug|Any CPU = Debug|Any CPU
		Release|Any CPU = Release|Any CPU
	EndGlobalSection
	GlobalSection(ProjectConfigurationPlatforms) = postSolution
		{09861B00-E27D-4AE3-A8FE-B6C645AA3091}.Debug|Any CPU.ActiveCfg = Debug|Any CPU
		{09861B00-E27D-4AE3-A8FE-B6C645AA3091}.Debug|Any CPU.Build.0 = Debug|Any CPU
		{09861B00-E27D-4AE3-A8FE-B6C645AA3091}.Release|Any CPU.ActiveCfg = Release|Any CPU
		{09861B00-E27D-4AE3-A8FE-B6C645AA3091}.Release|Any CPU.Build.0 = Release|Any CPU
	EndGlobalSection
	GlobalSection(SolutionProperties) = preSolution
		HideSolutionNode = FALSE
	EndGlobalSection
	GlobalSection(ExtensibilityGlobals) = postSolution
		SolutionGuid = {E80422E2-55B4-4FF9-8B8F-0A22DC84962B}
	EndGlobalSection
EndGlobal
